
Microsoft Visual Studio Solution File, Format Version 12.00
# Visual Studio Version 16
VisualStudioVersion = 16.0.32126.315
MinimumVisualStudioVersion = 10.0.40219.1
Project("{FAE04EC0-301F-11D3-BF4B-00C04F79EFBC}") = "R100Sample", "R100Sample.csproj", "{CB8E6385-4AE1-4A82-ACC3-ADCB88269EF7}"
EndProject
Global
	GlobalSection(SolutionConfigurationPlatforms) = preSolution
		Debug|x64 = Debug|x64
		Debug|x86 = Debug|x86
		Release|x64 = Release|x64
		Release|x86 = Release|x86
	EndGlobalSection
	GlobalSection(ProjectConfigurationPlatforms) = postSolution
		{CB8E6385-4AE1-4A82-ACC3-ADCB88269EF7}.Debug|x64.ActiveCfg = Debug|x64
		{CB8E6385-4AE1-4A82-ACC3-ADCB88269EF7}.Debug|x64.Build.0 = Debug|x64
		{CB8E6385-4AE1-4A82-ACC3-ADCB88269EF7}.Debug|x86.ActiveCfg = Debug|x86
		{CB8E6385-4AE1-4A82-ACC3-ADCB88269EF7}.Debug|x86.Build.0 = Debug|x86
		{CB8E6385-4AE1-4A82-ACC3-ADCB88269EF7}.Release|x64.ActiveCfg = Release|x64
		{CB8E6385-4AE1-4A82-ACC3-ADCB88269EF7}.Release|x64.Build.0 = Release|x64
		{CB8E6385-4AE1-4A82-ACC3-ADCB88269EF7}.Release|x86.ActiveCfg = Release|x86
		{CB8E6385-4AE1-4A82-ACC3-ADCB88269EF7}.Release|x86.Build.0 = Release|x86
	EndGlobalSection
	GlobalSection(SolutionProperties) = preSolution
		HideSolutionNode = FALSE
	EndGlobalSection
	GlobalSection(ExtensibilityGlobals) = postSolution
		SolutionGuid = {6F8D6DDD-A494-4728-AAB1-901F56BF8793}
	EndGlobalSection
EndGlobal
